{
    "version": 3,
    "terraform_version": "0.9.8",
    "serial": 13,
    "lineage": "fbd4a608-3f73-4dc3-a118-4b807867430f",
    "modules": [
        {
            "path": [
                "root"
            ],
            "outputs": {},
            "resources": {
                "aws_eip.jenkins": {
                    "type": "aws_eip",
                    "depends_on": [
                        "aws_instance.jenkins"
                    ],
                    "primary": {
                        "id": "eipalloc-f08a2e99",
                        "attributes": {
                            "association_id": "eipassoc-8a154ee3",
                            "domain": "vpc",
                            "id": "eipalloc-f08a2e99",
                            "instance": "i-090cd17e3fc30ce1e",
                            "network_interface": "eni-2726835d",
                            "private_ip": "10.0.5.130",
                            "public_ip": "35.177.242.245",
                            "vpc": "true"
                        },
                        "meta": {},
                        "tainted": false
                    },
                    "deposed": [],
                    "provider": ""
                },
                "aws_eip.nat_gw": {
                    "type": "aws_eip",
                    "depends_on": [],
                    "primary": {
                        "id": "eipalloc-e38f2b8a",
                        "attributes": {
                            "association_id": "eipassoc-75104b1c",
                            "domain": "vpc",
                            "id": "eipalloc-e38f2b8a",
                            "instance": "",
                            "network_interface": "eni-b25bfec8",
                            "private_ip": "10.0.5.67",
                            "public_ip": "35.176.151.36",
                            "vpc": "true"
                        },
                        "meta": {},
                        "tainted": false
                    },
                    "deposed": [],
                    "provider": ""
                },
                "aws_eip.whitelist": {
                    "type": "aws_eip",
                    "depends_on": [
                        "aws_instance.whitelist"
                    ],
                    "primary": {
                        "id": "eipalloc-c7882cae",
                        "attributes": {
                            "association_id": "eipassoc-cc174ca5",
                            "domain": "vpc",
                            "id": "eipalloc-c7882cae",
                            "instance": "i-0cbebd1538e825996",
                            "network_interface": "eni-245aff5e",
                            "private_ip": "10.0.5.175",
                            "public_ip": "35.176.227.71",
                            "vpc": "true"
                        },
                        "meta": {},
                        "tainted": false
                    },
                    "deposed": [],
                    "provider": ""
                },
                "aws_elb.jenkins": {
                    "type": "aws_elb",
                    "depends_on": [
                        "aws_instance.jenkins",
                        "aws_security_group.whitelist_elb",
                        "aws_subnet.public_a"
                    ],
                    "primary": {
                        "id": "jenkins-elb",
                        "attributes": {
                            "access_logs.#": "0",
                            "availability_zones.#": "1",
                            "availability_zones.3230292939": "eu-west-2a",
                            "connection_draining": "true",
                            "connection_draining_timeout": "400",
                            "cross_zone_load_balancing": "true",
                            "dns_name": "jenkins-elb-1847625899.eu-west-2.elb.amazonaws.com",
                            "health_check.#": "1",
                            "health_check.0.healthy_threshold": "2",
                            "health_check.0.interval": "30",
                            "health_check.0.target": "HTTP:8000/",
                            "health_check.0.timeout": "3",
                            "health_check.0.unhealthy_threshold": "2",
                            "id": "jenkins-elb",
                            "idle_timeout": "400",
                            "instances.#": "1",
                            "instances.2606367825": "i-090cd17e3fc30ce1e",
                            "internal": "false",
                            "listener.#": "1",
                            "listener.206423021.instance_port": "8000",
                            "listener.206423021.instance_protocol": "http",
                            "listener.206423021.lb_port": "80",
                            "listener.206423021.lb_protocol": "http",
                            "listener.206423021.ssl_certificate_id": "",
                            "name": "jenkins-elb",
                            "security_groups.#": "1",
                            "security_groups.72031186": "sg-3289f25b",
                            "source_security_group": "499604764704/whitelist_elb",
                            "source_security_group_id": "sg-3289f25b",
                            "subnets.#": "1",
                            "subnets.2112387208": "subnet-a53186de",
                            "tags.%": "1",
                            "tags.Name": "jenkins_elb",
                            "zone_id": "ZHURV8PSTC4K8"
                        },
                        "meta": {},
                        "tainted": false
                    },
                    "deposed": [],
                    "provider": ""
                },
                "aws_elb.whitelist": {
                    "type": "aws_elb",
                    "depends_on": [
                        "aws_instance.whitelist",
                        "aws_security_group.whitelist_elb",
                        "aws_subnet.public_a"
                    ],
                    "primary": {
                        "id": "whiteliste-elb",
                        "attributes": {
                            "access_logs.#": "0",
                            "availability_zones.#": "1",
                            "availability_zones.3230292939": "eu-west-2a",
                            "connection_draining": "true",
                            "connection_draining_timeout": "400",
                            "cross_zone_load_balancing": "true",
                            "dns_name": "whiteliste-elb-373303058.eu-west-2.elb.amazonaws.com",
                            "health_check.#": "1",
                            "health_check.0.healthy_threshold": "2",
                            "health_check.0.interval": "30",
                            "health_check.0.target": "HTTP:8000/",
                            "health_check.0.timeout": "3",
                            "health_check.0.unhealthy_threshold": "2",
                            "id": "whiteliste-elb",
                            "idle_timeout": "400",
                            "instances.#": "1",
                            "instances.2935073863": "i-0cbebd1538e825996",
                            "internal": "false",
                            "listener.#": "1",
                            "listener.206423021.instance_port": "8000",
                            "listener.206423021.instance_protocol": "http",
                            "listener.206423021.lb_port": "80",
                            "listener.206423021.lb_protocol": "http",
                            "listener.206423021.ssl_certificate_id": "",
                            "name": "whiteliste-elb",
                            "security_groups.#": "1",
                            "security_groups.72031186": "sg-3289f25b",
                            "source_security_group": "499604764704/whitelist_elb",
                            "source_security_group_id": "sg-3289f25b",
                            "subnets.#": "1",
                            "subnets.2112387208": "subnet-a53186de",
                            "tags.%": "1",
                            "tags.Name": "whiteliste_elb",
                            "zone_id": "ZHURV8PSTC4K8"
                        },
                        "meta": {},
                        "tainted": false
                    },
                    "deposed": [],
                    "provider": ""
                },
                "aws_iam_instance_profile.jenkins_profile": {
                    "type": "aws_iam_instance_profile",
                    "depends_on": [
                        "aws_iam_role.test_role"
                    ],
                    "primary": {
                        "id": "jenkins_profile",
                        "attributes": {
                            "arn": "arn:aws:iam::499604764704:instance-profile/jenkins_profile",
                            "id": "jenkins_profile",
                            "name": "jenkins_profile",
                            "path": "/",
                            "role": "test_role",
                            "roles.#": "1",
                            "roles.1376821413": "test_role",
                            "unique_id": "AIPAJERQA37JQZL2JHFHK"
                        },
                        "meta": {},
                        "tainted": false
                    },
                    "deposed": [],
                    "provider": ""
                },
                "aws_iam_policy.jenkins": {
                    "type": "aws_iam_policy",
                    "depends_on": [],
                    "primary": {
                        "id": "arn:aws:iam::499604764704:policy/jenkins_policy",
                        "attributes": {
                            "arn": "arn:aws:iam::499604764704:policy/jenkins_policy",
                            "description": "jenkins policy",
                            "id": "arn:aws:iam::499604764704:policy/jenkins_policy",
                            "name": "jenkins_policy",
                            "path": "/",
                            "policy": "{\n\t\"Version\": \"2012-10-17\",\n\t\"Statement\": [\n\t\t{\n\t  \t\t\"Action\": [\n\t    \t\t\"ec2:Describe*\"\n\t  \t\t],\n\t  \t\t\"Effect\": \"Allow\",\n\t  \t\t\"Resource\": \"*\"\n\t\t}\n\t]\n}\n"
                        },
                        "meta": {},
                        "tainted": false
                    },
                    "deposed": [],
                    "provider": ""
                },
                "aws_iam_role.test_role": {
                    "type": "aws_iam_role",
                    "depends_on": [],
                    "primary": {
                        "id": "test_role",
                        "attributes": {
                            "arn": "arn:aws:iam::499604764704:role/test_role",
                            "assume_role_policy": "{\"Version\":\"2012-10-17\",\"Statement\":[{\"Sid\":\"\",\"Effect\":\"Allow\",\"Principal\":{\"Service\":\"ec2.amazonaws.com\"},\"Action\":\"sts:AssumeRole\"}]}",
                            "create_date": "2017-06-28T13:03:33Z",
                            "id": "test_role",
                            "name": "test_role",
                            "path": "/",
                            "unique_id": "AROAJBUTBONW5AODZFE6Q"
                        },
                        "meta": {},
                        "tainted": false
                    },
                    "deposed": [],
                    "provider": ""
                },
                "aws_instance.jenkins": {
                    "type": "aws_instance",
                    "depends_on": [
                        "aws_iam_instance_profile.jenkins_profile",
                        "aws_security_group.whitelist_base",
                        "aws_subnet.public_a",
                        "data.aws_ami.ubuntu"
                    ],
                    "primary": {
                        "id": "i-090cd17e3fc30ce1e",
                        "attributes": {
                            "ami": "ami-d67c6ab2",
                            "associate_public_ip_address": "true",
                            "availability_zone": "eu-west-2a",
                            "disable_api_termination": "false",
                            "ebs_block_device.#": "0",
                            "ebs_optimized": "false",
                            "ephemeral_block_device.#": "0",
                            "iam_instance_profile": "jenkins_profile",
                            "id": "i-090cd17e3fc30ce1e",
                            "instance_state": "running",
                            "instance_type": "t2.micro",
                            "ipv6_addresses.#": "0",
                            "key_name": "",
                            "monitoring": "false",
                            "network_interface.#": "0",
                            "network_interface_id": "eni-2726835d",
                            "primary_network_interface_id": "eni-2726835d",
                            "private_dns": "ip-10-0-5-130.eu-west-2.compute.internal",
                            "private_ip": "10.0.5.130",
                            "public_dns": "",
                            "public_ip": "35.177.242.245",
                            "root_block_device.#": "1",
                            "root_block_device.0.delete_on_termination": "true",
                            "root_block_device.0.iops": "100",
                            "root_block_device.0.volume_size": "8",
                            "root_block_device.0.volume_type": "gp2",
                            "security_groups.#": "0",
                            "source_dest_check": "true",
                            "subnet_id": "subnet-a53186de",
                            "tags.%": "1",
                            "tags.Name": "jenkins",
                            "tenancy": "default",
                            "volume_tags.%": "0",
                            "vpc_security_group_ids.#": "1",
                            "vpc_security_group_ids.1128805783": "sg-fb8ff492"
                        },
                        "meta": {
                            "e2bfb730-ecaa-11e6-8f88-34363bc7c4c0": {
                                "create": 600000000000,
                                "delete": 600000000000,
                                "update": 600000000000
                            },
                            "schema_version": "1"
                        },
                        "tainted": false
                    },
                    "deposed": [],
                    "provider": ""
                },
                "aws_instance.whitelist": {
                    "type": "aws_instance",
                    "depends_on": [
                        "aws_security_group.whitelist_base",
                        "aws_subnet.public_a",
                        "data.aws_ami.ubuntu"
                    ],
                    "primary": {
                        "id": "i-0cbebd1538e825996",
                        "attributes": {
                            "ami": "ami-d67c6ab2",
                            "associate_public_ip_address": "true",
                            "availability_zone": "eu-west-2a",
                            "disable_api_termination": "false",
                            "ebs_block_device.#": "0",
                            "ebs_optimized": "false",
                            "ephemeral_block_device.#": "0",
                            "iam_instance_profile": "",
                            "id": "i-0cbebd1538e825996",
                            "instance_state": "running",
                            "instance_type": "t2.micro",
                            "ipv6_addresses.#": "0",
                            "key_name": "",
                            "monitoring": "false",
                            "network_interface.#": "0",
                            "network_interface_id": "eni-245aff5e",
                            "primary_network_interface_id": "eni-245aff5e",
                            "private_dns": "ip-10-0-5-175.eu-west-2.compute.internal",
                            "private_ip": "10.0.5.175",
                            "public_dns": "",
                            "public_ip": "35.176.227.71",
                            "root_block_device.#": "1",
                            "root_block_device.0.delete_on_termination": "true",
                            "root_block_device.0.iops": "100",
                            "root_block_device.0.volume_size": "8",
                            "root_block_device.0.volume_type": "gp2",
                            "security_groups.#": "0",
                            "source_dest_check": "true",
                            "subnet_id": "subnet-a53186de",
                            "tags.%": "1",
                            "tags.Name": "whitelist",
                            "tenancy": "default",
                            "volume_tags.%": "0",
                            "vpc_security_group_ids.#": "1",
                            "vpc_security_group_ids.1128805783": "sg-fb8ff492"
                        },
                        "meta": {
                            "e2bfb730-ecaa-11e6-8f88-34363bc7c4c0": {
                                "create": 600000000000,
                                "delete": 600000000000,
                                "update": 600000000000
                            },
                            "schema_version": "1"
                        },
                        "tainted": false
                    },
                    "deposed": [],
                    "provider": ""
                },
                "aws_internet_gateway.whitelist_igw": {
                    "type": "aws_internet_gateway",
                    "depends_on": [
                        "aws_vpc.whitelist"
                    ],
                    "primary": {
                        "id": "igw-927fddfb",
                        "attributes": {
                            "id": "igw-927fddfb",
                            "tags.%": "1",
                            "tags.Name": "whitelist_igw",
                            "vpc_id": "vpc-9e8e0ef7"
                        },
                        "meta": {},
                        "tainted": false
                    },
                    "deposed": [],
                    "provider": ""
                },
                "aws_nat_gateway.gw": {
                    "type": "aws_nat_gateway",
                    "depends_on": [
                        "aws_eip.nat_gw",
                        "aws_subnet.public_a"
                    ],
                    "primary": {
                        "id": "nat-03b097d476628b96d",
                        "attributes": {
                            "allocation_id": "eipalloc-e38f2b8a",
                            "id": "nat-03b097d476628b96d",
                            "network_interface_id": "eni-b25bfec8",
                            "private_ip": "10.0.5.67",
                            "public_ip": "35.176.151.36",
                            "subnet_id": "subnet-a53186de"
                        },
                        "meta": {},
                        "tainted": false
                    },
                    "deposed": [],
                    "provider": ""
                },
                "aws_security_group.whitelist_base": {
                    "type": "aws_security_group",
                    "depends_on": [
                        "aws_vpc.whitelist"
                    ],
                    "primary": {
                        "id": "sg-fb8ff492",
                        "attributes": {
                            "description": "Base security group",
                            "egress.#": "1",
                            "egress.2214680975.cidr_blocks.#": "1",
                            "egress.2214680975.cidr_blocks.0": "0.0.0.0/0",
                            "egress.2214680975.from_port": "80",
                            "egress.2214680975.ipv6_cidr_blocks.#": "0",
                            "egress.2214680975.prefix_list_ids.#": "0",
                            "egress.2214680975.protocol": "tcp",
                            "egress.2214680975.security_groups.#": "0",
                            "egress.2214680975.self": "false",
                            "egress.2214680975.to_port": "80",
                            "id": "sg-fb8ff492",
                            "ingress.#": "2",
                            "ingress.2214680975.cidr_blocks.#": "1",
                            "ingress.2214680975.cidr_blocks.0": "0.0.0.0/0",
                            "ingress.2214680975.from_port": "80",
                            "ingress.2214680975.ipv6_cidr_blocks.#": "0",
                            "ingress.2214680975.protocol": "tcp",
                            "ingress.2214680975.security_groups.#": "0",
                            "ingress.2214680975.self": "false",
                            "ingress.2214680975.to_port": "80",
                            "ingress.2756984225.cidr_blocks.#": "1",
                            "ingress.2756984225.cidr_blocks.0": "170.194.32.0/24",
                            "ingress.2756984225.from_port": "22",
                            "ingress.2756984225.ipv6_cidr_blocks.#": "0",
                            "ingress.2756984225.protocol": "tcp",
                            "ingress.2756984225.security_groups.#": "0",
                            "ingress.2756984225.self": "false",
                            "ingress.2756984225.to_port": "22",
                            "name": "whitelist_base",
                            "owner_id": "499604764704",
                            "tags.%": "0",
                            "vpc_id": "vpc-9e8e0ef7"
                        },
                        "meta": {},
                        "tainted": false
                    },
                    "deposed": [],
                    "provider": ""
                },
                "aws_security_group.whitelist_elb": {
                    "type": "aws_security_group",
                    "depends_on": [
                        "aws_vpc.whitelist"
                    ],
                    "primary": {
                        "id": "sg-3289f25b",
                        "attributes": {
                            "description": "elb security group",
                            "egress.#": "0",
                            "id": "sg-3289f25b",
                            "ingress.#": "1",
                            "ingress.2214680975.cidr_blocks.#": "1",
                            "ingress.2214680975.cidr_blocks.0": "0.0.0.0/0",
                            "ingress.2214680975.from_port": "80",
                            "ingress.2214680975.ipv6_cidr_blocks.#": "0",
                            "ingress.2214680975.protocol": "tcp",
                            "ingress.2214680975.security_groups.#": "0",
                            "ingress.2214680975.self": "false",
                            "ingress.2214680975.to_port": "80",
                            "name": "whitelist_elb",
                            "owner_id": "499604764704",
                            "tags.%": "0",
                            "vpc_id": "vpc-9e8e0ef7"
                        },
                        "meta": {},
                        "tainted": false
                    },
                    "deposed": [],
                    "provider": ""
                },
                "aws_subnet.private_a": {
                    "type": "aws_subnet",
                    "depends_on": [
                        "aws_vpc.whitelist"
                    ],
                    "primary": {
                        "id": "subnet-1e328565",
                        "attributes": {
                            "assign_ipv6_address_on_creation": "false",
                            "availability_zone": "eu-west-2a",
                            "cidr_block": "10.0.3.0/24",
                            "id": "subnet-1e328565",
                            "map_public_ip_on_launch": "false",
                            "tags.%": "1",
                            "tags.Name": "private_a",
                            "vpc_id": "vpc-9e8e0ef7"
                        },
                        "meta": {
                            "schema_version": "1"
                        },
                        "tainted": false
                    },
                    "deposed": [],
                    "provider": ""
                },
                "aws_subnet.private_b": {
                    "type": "aws_subnet",
                    "depends_on": [
                        "aws_vpc.whitelist"
                    ],
                    "primary": {
                        "id": "subnet-1e529e53",
                        "attributes": {
                            "assign_ipv6_address_on_creation": "false",
                            "availability_zone": "eu-west-2b",
                            "cidr_block": "10.0.4.0/24",
                            "id": "subnet-1e529e53",
                            "map_public_ip_on_launch": "false",
                            "tags.%": "1",
                            "tags.Name": "private_b",
                            "vpc_id": "vpc-9e8e0ef7"
                        },
                        "meta": {
                            "schema_version": "1"
                        },
                        "tainted": false
                    },
                    "deposed": [],
                    "provider": ""
                },
                "aws_subnet.public_a": {
                    "type": "aws_subnet",
                    "depends_on": [
                        "aws_vpc.whitelist"
                    ],
                    "primary": {
                        "id": "subnet-a53186de",
                        "attributes": {
                            "assign_ipv6_address_on_creation": "false",
                            "availability_zone": "eu-west-2a",
                            "cidr_block": "10.0.5.0/24",
                            "id": "subnet-a53186de",
                            "map_public_ip_on_launch": "false",
                            "tags.%": "1",
                            "tags.Name": "public_a",
                            "vpc_id": "vpc-9e8e0ef7"
                        },
                        "meta": {
                            "schema_version": "1"
                        },
                        "tainted": false
                    },
                    "deposed": [],
                    "provider": ""
                },
                "aws_subnet.public_b": {
                    "type": "aws_subnet",
                    "depends_on": [
                        "aws_vpc.whitelist"
                    ],
                    "primary": {
                        "id": "subnet-6e6ca023",
                        "attributes": {
                            "assign_ipv6_address_on_creation": "false",
                            "availability_zone": "eu-west-2b",
                            "cidr_block": "10.0.6.0/24",
                            "id": "subnet-6e6ca023",
                            "map_public_ip_on_launch": "false",
                            "tags.%": "1",
                            "tags.Name": "public_b",
                            "vpc_id": "vpc-9e8e0ef7"
                        },
                        "meta": {
                            "schema_version": "1"
                        },
                        "tainted": false
                    },
                    "deposed": [],
                    "provider": ""
                },
                "aws_vpc.whitelist": {
                    "type": "aws_vpc",
                    "depends_on": [],
                    "primary": {
                        "id": "vpc-9e8e0ef7",
                        "attributes": {
                            "assign_generated_ipv6_cidr_block": "false",
                            "cidr_block": "10.0.0.0/16",
                            "default_network_acl_id": "acl-070b826e",
                            "default_route_table_id": "rtb-6392070a",
                            "default_security_group_id": "sg-1f89f276",
                            "dhcp_options_id": "dopt-b3b754da",
                            "enable_dns_hostnames": "false",
                            "enable_dns_support": "true",
                            "id": "vpc-9e8e0ef7",
                            "instance_tenancy": "default",
                            "main_route_table_id": "rtb-6392070a",
                            "tags.%": "1",
                            "tags.Name": "whitelist"
                        },
                        "meta": {
                            "schema_version": "1"
                        },
                        "tainted": false
                    },
                    "deposed": [],
                    "provider": ""
                },
                "data.aws_ami.ubuntu": {
                    "type": "aws_ami",
                    "depends_on": [],
                    "primary": {
                        "id": "ami-d67c6ab2",
                        "attributes": {
                            "architecture": "x86_64",
                            "block_device_mappings.#": "3",
                            "block_device_mappings.1634610537.device_name": "/dev/sdb",
                            "block_device_mappings.1634610537.ebs.%": "0",
                            "block_device_mappings.1634610537.no_device": "",
                            "block_device_mappings.1634610537.virtual_name": "ephemeral0",
                            "block_device_mappings.2547816212.device_name": "/dev/sda1",
                            "block_device_mappings.2547816212.ebs.%": "6",
                            "block_device_mappings.2547816212.ebs.delete_on_termination": "true",
                            "block_device_mappings.2547816212.ebs.encrypted": "false",
                            "block_device_mappings.2547816212.ebs.iops": "0",
                            "block_device_mappings.2547816212.ebs.snapshot_id": "snap-029c4fca7b7877c77",
                            "block_device_mappings.2547816212.ebs.volume_size": "8",
                            "block_device_mappings.2547816212.ebs.volume_type": "gp2",
                            "block_device_mappings.2547816212.no_device": "",
                            "block_device_mappings.2547816212.virtual_name": "",
                            "block_device_mappings.3850042718.device_name": "/dev/sdc",
                            "block_device_mappings.3850042718.ebs.%": "0",
                            "block_device_mappings.3850042718.no_device": "",
                            "block_device_mappings.3850042718.virtual_name": "ephemeral1",
                            "creation_date": "2017-06-20T20:27:19.000Z",
                            "description": "Canonical, Ubuntu, 14.04 LTS, amd64 trusty image build on 2017-06-19",
                            "filter.#": "2",
                            "filter.4182425345.name": "name",
                            "filter.4182425345.values.#": "1",
                            "filter.4182425345.values.0": "ubuntu/images/hvm-ssd/ubuntu-trusty-14.04-amd64-server-*",
                            "filter.490168357.name": "virtualization-type",
                            "filter.490168357.values.#": "1",
                            "filter.490168357.values.0": "hvm",
                            "hypervisor": "xen",
                            "id": "ami-d67c6ab2",
                            "image_id": "ami-d67c6ab2",
                            "image_location": "099720109477/ubuntu/images/hvm-ssd/ubuntu-trusty-14.04-amd64-server-20170619",
                            "image_type": "machine",
                            "most_recent": "true",
                            "name": "ubuntu/images/hvm-ssd/ubuntu-trusty-14.04-amd64-server-20170619",
                            "owner_id": "099720109477",
                            "owners.#": "1",
                            "owners.0": "099720109477",
                            "product_codes.#": "0",
                            "public": "true",
                            "root_device_name": "/dev/sda1",
                            "root_device_type": "ebs",
                            "sriov_net_support": "simple",
                            "state": "available",
                            "state_reason.%": "2",
                            "state_reason.code": "UNSET",
                            "state_reason.message": "UNSET",
                            "tags.#": "0",
                            "virtualization_type": "hvm"
                        },
                        "meta": {},
                        "tainted": false
                    },
                    "deposed": [],
                    "provider": ""
                }
            },
            "depends_on": []
        }
    ]
}
